# This file is autogenerated, do not edit; changes may be undone by the next 'dep ensure'.


[[projects]]
  name = "github.com/BurntSushi/toml"
  packages = ["."]
  revision = "2dff11163ee667d51dcc066660925a92ce138deb"

[[projects]]
  name = "github.com/bitly/go-hostpool"
  packages = ["."]
  revision = "a3a6125de9329587178a9792dc8f4bc98e620d2d"

[[projects]]
  name = "github.com/bitly/timer_metrics"
  packages = ["."]
  revision = "afad1794bb13e2a094720aeb27c088aa64564895"

[[projects]]
  name = "github.com/blang/semver"
  packages = ["."]
  revision = "9bf7bff48b0388cb75991e58c6df7d13e982f1f2"

[[projects]]
  name = "github.com/bmizerany/perks"
  packages = ["quantile"]
  revision = "6cb9d9d729303ee2628580d9aec5db968da3a607"

[[projects]]
  name = "github.com/golang/snappy"
  packages = ["."]
  revision = "d9eb7a3d35ec988b8585d4a0068e462c27d28380"

[[projects]]
  name = "github.com/judwhite/go-svc"
  packages = ["svc"]
  revision = "63c12402f579f0bdf022653c821a1aa5d7544f01"

[[projects]]
  name = "github.com/julienschmidt/httprouter"
  packages = ["."]
  revision = "6aacfd5ab513e34f7e64ea9627ab9670371b34e7"

[[projects]]
  name = "github.com/mreiferson/go-options"
  packages = ["."]
  revision = "77551d20752b54535462404ad9d877ebdb26e53d"

[[projects]]
  name = "github.com/nsqio/go-diskqueue"
  packages = ["."]
  revision = "0681a1afee1245efa503b7543989fc26d8f268bc"

[[projects]]
  name = "github.com/nsqio/go-nsq"
  packages = ["."]
  revision = "a53d495e81424aaf7a7665a9d32a97715c40e953"

[[projects]]
  branch = "master"
  name = "golang.org/x/sys"
  packages = ["unix","windows","windows/svc"]
  revision = "661970f62f5897bc0cd5fdca7e087ba8a98a8fa1"

[solve-meta]
  analyzer-name = "dep"
  analyzer-version = 1
  inputs-digest = "532ea1365ba72d95b44f494d7a4c77046f7786c7c1a706faadf3c5202da0b47e"
  solver-name = "gps-cdcl"
  solver-version = 1
